
Microsoft Visual Studio Solution File, Format Version 12.00
# Visual Studio 2013
VisualStudioVersion = 12.0.30501.0
MinimumVisualStudioVersion = 10.0.40219.1
Project("{8BC9CEB8-8B4A-11D0-8D11-00A0C91BC942}") = "pong_world", "pong_world.vcxproj", "{281F1E4D-AB7D-42D1-BED5-956593CF56C3}"
EndProject
Project("{8BC9CEB8-8B4A-11D0-8D11-00A0C91BC942}") = "pong_java", "pong_java.vcxproj", "{7881CC6D-96D8-4645-8BAA-E12D419381D5}"
EndProject
Project("{8BC9CEB8-8B4A-11D0-8D11-00A0C91BC942}") = "pong_lens", "pong_lens.vcxproj", "{E08835C2-AF63-511F-E540-E42607E6C7DB}"
EndProject
Global
	GlobalSection(SolutionConfigurationPlatforms) = preSolution
		Debug|Win32 = Debug|Win32
		Release|Win32 = Release|Win32
	EndGlobalSection
	GlobalSection(ProjectConfigurationPlatforms) = postSolution
		{281F1E4D-AB7D-42D1-BED5-956593CF56C3}.Debug|Win32.ActiveCfg = Debug|Win32
		{281F1E4D-AB7D-42D1-BED5-956593CF56C3}.Debug|Win32.Build.0 = Debug|Win32
		{281F1E4D-AB7D-42D1-BED5-956593CF56C3}.Release|Win32.ActiveCfg = Release|Win32
		{281F1E4D-AB7D-42D1-BED5-956593CF56C3}.Release|Win32.Build.0 = Release|Win32
		{7881CC6D-96D8-4645-8BAA-E12D419381D5}.Debug|Win32.ActiveCfg = Debug|Win32
		{7881CC6D-96D8-4645-8BAA-E12D419381D5}.Debug|Win32.Build.0 = Debug|Win32
		{7881CC6D-96D8-4645-8BAA-E12D419381D5}.Release|Win32.ActiveCfg = Release|Win32
		{7881CC6D-96D8-4645-8BAA-E12D419381D5}.Release|Win32.Build.0 = Release|Win32
		{E08835C2-AF63-511F-E540-E42607E6C7DB}.Debug|Win32.ActiveCfg = Debug|Win32
		{E08835C2-AF63-511F-E540-E42607E6C7DB}.Debug|Win32.Build.0 = Debug|Win32
		{E08835C2-AF63-511F-E540-E42607E6C7DB}.Release|Win32.ActiveCfg = Release|Win32
		{E08835C2-AF63-511F-E540-E42607E6C7DB}.Release|Win32.Build.0 = Release|Win32
	EndGlobalSection
	GlobalSection(SolutionProperties) = preSolution
		HideSolutionNode = FALSE
	EndGlobalSection
EndGlobal
